
Microsoft Visual Studio Solution File, Format Version 12.00
# Visual Studio 15
VisualStudioVersion = 15.0.27130.2027
MinimumVisualStudioVersion = 10.0.40219.1
Project("{FAE04EC0-301F-11D3-BF4B-00C04F79EFBC}") = "PointToolWPF", "PointToolWPF\PointToolWPF.csproj", "{288E6D4B-664E-4C36-8C17-BB78E8740263}"
EndProject
Global
	GlobalSection(SolutionConfigurationPlatforms) = preSolution
		Debug|Any CPU = Debug|Any CPU
		Release|Any CPU = Release|Any CPU
	EndGlobalSection
	GlobalSection(ProjectConfigurationPlatforms) = postSolution
		{288E6D4B-664E-4C36-8C17-BB78E8740263}.Debug|Any CPU.ActiveCfg = Debug|Any CPU
		{288E6D4B-664E-4C36-8C17-BB78E8740263}.Debug|Any CPU.Build.0 = Debug|Any CPU
		{288E6D4B-664E-4C36-8C17-BB78E8740263}.Release|Any CPU.ActiveCfg = Release|Any CPU
		{288E6D4B-664E-4C36-8C17-BB78E8740263}.Release|Any CPU.Build.0 = Release|Any CPU
	EndGlobalSection
	GlobalSection(SolutionProperties) = preSolution
		HideSolutionNode = FALSE
	EndGlobalSection
	GlobalSection(ExtensibilityGlobals) = postSolution
		SolutionGuid = {3DE773D1-D07E-463D-A4AA-8545199F2B2D}
	EndGlobalSection
EndGlobal
